
Microsoft Visual Studio Solution File, Format Version 12.00
# Visual Studio Version 17
VisualStudioVersion = 17.14.36414.22 d17.14
MinimumVisualStudioVersion = 10.0.40219.1
Project("{888888A0-9F3D-457C-B088-3A5042F75D52}") = "FeedbackApp", "FeedbackApp\FeedbackApp.pyproj", "{32DC81E7-FC2D-498D-AA0C-8B5864714C32}"
EndProject
Global
	GlobalSection(SolutionConfigurationPlatforms) = preSolution
		Debug|Any CPU = Debug|Any CPU
		Release|Any CPU = Release|Any CPU
	EndGlobalSection
	GlobalSection(ProjectConfigurationPlatforms) = postSolution
		{32DC81E7-FC2D-498D-AA0C-8B5864714C32}.Debug|Any CPU.ActiveCfg = Debug|Any CPU
		{32DC81E7-FC2D-498D-AA0C-8B5864714C32}.Debug|Any CPU.Build.0 = Debug|Any CPU
		{32DC81E7-FC2D-498D-AA0C-8B5864714C32}.Release|Any CPU.ActiveCfg = Release|Any CPU
		{32DC81E7-FC2D-498D-AA0C-8B5864714C32}.Release|Any CPU.Build.0 = Release|Any CPU
	EndGlobalSection
	GlobalSection(SolutionProperties) = preSolution
		HideSolutionNode = FALSE
	EndGlobalSection
	GlobalSection(ExtensibilityGlobals) = postSolution
		SolutionGuid = {CB711513-89D3-4848-9108-46638DB33F7B}
	EndGlobalSection
EndGlobal
